{
  "version": 4,
  "terraform_version": "1.9.2",
  "serial": 10,
  "lineage": "55ab6a55-6c33-4e82-9976-56e0e56d9561",
  "outputs": {
    "vm_ip": {
      "value": {
        "vm-1": "192.168.10.31",
        "vm-2": "192.168.10.28",
        "vm-3": "192.168.10.7"
      },
      "type": [
        "object",
        {
          "vm-1": "string",
          "vm-2": "string",
          "vm-3": "string"
        }
      ]
    },
    "vm_nat_ip": {
      "value": {
        "vm-1": "158.160.117.75",
        "vm-2": "158.160.110.65",
        "vm-3": "89.169.158.127"
      },
      "type": [
        "object",
        {
          "vm-1": "string",
          "vm-2": "string",
          "vm-3": "string"
        }
      ]
    }
  },
  "resources": [
    {
      "mode": "managed",
      "type": "yandex_compute_disk",
      "name": "boot-disk",
      "provider": "provider[\"registry.terraform.io/yandex-cloud/yandex\"]",
      "instances": [
        {
          "index_key": "vm-1",
          "schema_version": 0,
          "attributes": {
            "allow_recreate": null,
            "block_size": 4096,
            "created_at": "2026-01-28T13:42:06Z",
            "description": "",
            "disk_placement_policy": [
              {
                "disk_placement_group_id": ""
              }
            ],
            "folder_id": "b1gplv23i27voq7195u5",
            "hardware_generation": [
              {
                "generation2_features": [],
                "legacy_features": [
                  {
                    "pci_topology": "PCI_TOPOLOGY_V1"
                  }
                ]
              }
            ],
            "id": "fhm61u8sdn3cte8lsgi0",
            "image_id": "fd85bll745cg76f707mq",
            "kms_key_id": null,
            "labels": null,
            "name": "ubuntu-24-disk-1",
            "product_ids": [
              "f2esr6luh3h25kfc354h"
            ],
            "size": 20,
            "snapshot_id": "",
            "status": "ready",
            "timeouts": null,
            "type": "network-hdd",
            "zone": "ru-central1-a"
          },
          "sensitive_attributes": [],
          "private": "eyJlMmJmYjczMC1lY2FhLTExZTYtOGY4OC0zNDM2M2JjN2M0YzAiOnsiY3JlYXRlIjozMDAwMDAwMDAwMDAsImRlbGV0ZSI6MzAwMDAwMDAwMDAwLCJ1cGRhdGUiOjMwMDAwMDAwMDAwMH19"
        },
        {
          "index_key": "vm-2",
          "schema_version": 0,
          "attributes": {
            "allow_recreate": null,
            "block_size": 4096,
            "created_at": "2026-01-28T13:42:06Z",
            "description": "",
            "disk_placement_policy": [
              {
                "disk_placement_group_id": ""
              }
            ],
            "folder_id": "b1gplv23i27voq7195u5",
            "hardware_generation": [
              {
                "generation2_features": [],
                "legacy_features": [
                  {
                    "pci_topology": "PCI_TOPOLOGY_V1"
                  }
                ]
              }
            ],
            "id": "fhmku60jnb60cj32e8q9",
            "image_id": "fd85bll745cg76f707mq",
            "kms_key_id": null,
            "labels": null,
            "name": "ubuntu-24-disk-2",
            "product_ids": [
              "f2esr6luh3h25kfc354h"
            ],
            "size": 20,
            "snapshot_id": "",
            "status": "ready",
            "timeouts": null,
            "type": "network-hdd",
            "zone": "ru-central1-a"
          },
          "sensitive_attributes": [],
          "private": "eyJlMmJmYjczMC1lY2FhLTExZTYtOGY4OC0zNDM2M2JjN2M0YzAiOnsiY3JlYXRlIjozMDAwMDAwMDAwMDAsImRlbGV0ZSI6MzAwMDAwMDAwMDAwLCJ1cGRhdGUiOjMwMDAwMDAwMDAwMH19"
        },
        {
          "index_key": "vm-3",
          "schema_version": 0,
          "attributes": {
            "allow_recreate": null,
            "block_size": 4096,
            "created_at": "2026-01-28T13:42:06Z",
            "description": "",
            "disk_placement_policy": [
              {
                "disk_placement_group_id": ""
              }
            ],
            "folder_id": "b1gplv23i27voq7195u5",
            "hardware_generation": [
              {
                "generation2_features": [],
                "legacy_features": [
                  {
                    "pci_topology": "PCI_TOPOLOGY_V1"
                  }
                ]
              }
            ],
            "id": "fhm5ufl2opkrc45u0tgq",
            "image_id": "fd85bll745cg76f707mq",
            "kms_key_id": null,
            "labels": null,
            "name": "ubuntu-24-disk-3",
            "product_ids": [
              "f2esr6luh3h25kfc354h"
            ],
            "size": 20,
            "snapshot_id": "",
            "status": "ready",
            "timeouts": null,
            "type": "network-hdd",
            "zone": "ru-central1-a"
          },
          "sensitive_attributes": [],
          "private": "eyJlMmJmYjczMC1lY2FhLTExZTYtOGY4OC0zNDM2M2JjN2M0YzAiOnsiY3JlYXRlIjozMDAwMDAwMDAwMDAsImRlbGV0ZSI6MzAwMDAwMDAwMDAwLCJ1cGRhdGUiOjMwMDAwMDAwMDAwMH19"
        }
      ]
    },
    {
      "mode": "managed",
      "type": "yandex_compute_instance",
      "name": "virtual_machine",
      "provider": "provider[\"registry.terraform.io/yandex-cloud/yandex\"]",
      "instances": [
        {
          "index_key": "vm-1",
          "schema_version": 1,
          "attributes": {
            "allow_recreate": null,
            "allow_stopping_for_update": null,
            "boot_disk": [
              {
                "auto_delete": true,
                "device_name": "fhm61u8sdn3cte8lsgi0",
                "disk_id": "fhm61u8sdn3cte8lsgi0",
                "initialize_params": [
                  {
                    "block_size": 4096,
                    "description": "",
                    "image_id": "fd85bll745cg76f707mq",
                    "kms_key_id": "",
                    "name": "ubuntu-24-disk-1",
                    "size": 20,
                    "snapshot_id": "",
                    "type": "network-hdd"
                  }
                ],
                "mode": "READ_WRITE"
              }
            ],
            "created_at": "2026-01-28T13:42:18Z",
            "description": "",
            "filesystem": [],
            "folder_id": "b1gplv23i27voq7195u5",
            "fqdn": "fhmt5c06tlqodisv8abi.auto.internal",
            "gpu_cluster_id": "",
            "hardware_generation": [
              {
                "generation2_features": [],
                "legacy_features": [
                  {
                    "pci_topology": "PCI_TOPOLOGY_V1"
                  }
                ]
              }
            ],
            "hostname": "",
            "id": "fhmt5c06tlqodisv8abi",
            "labels": null,
            "local_disk": [],
            "maintenance_grace_period": "",
            "maintenance_policy": null,
            "metadata": {
              "ssh-keys": "ubuntu:ssh-rsa AAAAB3NzaC1yc2EAAAADAQABAAABgQC3qdwobAHrHQ5y5M96lWszhrTLPFuoTcAqQD5zAKELoX62375FpEUsGDRR3DAf8vKWvhjL06Q8tqGqWIVyC9JafecRwQnT3BafPULCN8PBZORV04jAuqkdbmgSZdbn8BxxLjJtVz46LG+PkOCM57bhZo4kWRwmY5ZTPxwY1qwGgdsPjI4KmzgMYRWUlXsKJwqMuEUgSnBOQ+wy8sEVpkViLW/OJNCBrdO9qYJVJkH3/mVHVIJkppCsJsipW402xr9SlBNMCJr/ydceKzWQfNv1gYn+nPHUpXfRawgzR4seV0ZnHaIzHzqgwDp9/2gVHAE0hHMiK/PgP/kOwIr0n6B3wJ2jpmQ21lJc6NJRSyG24i8cUU0nJdCzgBUldqd2sYdq635dDIfKosv0X59T+EYeXTjIJ3LaKfZ1eqIZahrO1nA/Ir/Gr2CfzGWc9sRWrglsRJ9uh+aJC4ZUMxUJptEaKIp6akLYRcV1daSyaqYf7L+ep7aEJDvhy8bILOs9eDU= s17668055@s17668055-02\n"
            },
            "metadata_options": [
              {
                "aws_v1_http_endpoint": 1,
                "aws_v1_http_token": 2,
                "gce_http_endpoint": 1,
                "gce_http_token": 1
              }
            ],
            "name": "vm-1",
            "network_acceleration_type": "standard",
            "network_interface": [
              {
                "dns_record": [],
                "index": 0,
                "ip_address": "192.168.10.31",
                "ipv4": true,
                "ipv6": false,
                "ipv6_address": "",
                "ipv6_dns_record": [],
                "mac_address": "d0:0d:1d:2b:00:6e",
                "nat": true,
                "nat_dns_record": [],
                "nat_ip_address": "158.160.117.75",
                "nat_ip_version": "IPV4",
                "security_group_ids": null,
                "subnet_id": "e9b9iupb0jdo1c53gudk"
              }
            ],
            "placement_policy": [
              {
                "host_affinity_rules": [],
                "placement_group_id": "",
                "placement_group_partition": 0
              }
            ],
            "platform_id": "standard-v1",
            "resources": [
              {
                "core_fraction": 100,
                "cores": 2,
                "gpus": 0,
                "memory": 2
              }
            ],
            "scheduling_policy": [
              {
                "preemptible": false
              }
            ],
            "secondary_disk": [],
            "service_account_id": "",
            "status": "running",
            "timeouts": null,
            "zone": "ru-central1-a"
          },
          "sensitive_attributes": [],
          "private": "eyJlMmJmYjczMC1lY2FhLTExZTYtOGY4OC0zNDM2M2JjN2M0YzAiOnsiY3JlYXRlIjozMDAwMDAwMDAwMDAsImRlbGV0ZSI6MzAwMDAwMDAwMDAwLCJ1cGRhdGUiOjMwMDAwMDAwMDAwMH0sInNjaGVtYV92ZXJzaW9uIjoiMSJ9",
          "dependencies": [
            "yandex_compute_disk.boot-disk",
            "yandex_vpc_network.network-1",
            "yandex_vpc_subnet.subnet-1"
          ]
        },
        {
          "index_key": "vm-2",
          "schema_version": 1,
          "attributes": {
            "allow_recreate": null,
            "allow_stopping_for_update": null,
            "boot_disk": [
              {
                "auto_delete": true,
                "device_name": "fhmku60jnb60cj32e8q9",
                "disk_id": "fhmku60jnb60cj32e8q9",
                "initialize_params": [
                  {
                    "block_size": 4096,
                    "description": "",
                    "image_id": "fd85bll745cg76f707mq",
                    "kms_key_id": "",
                    "name": "ubuntu-24-disk-2",
                    "size": 20,
                    "snapshot_id": "",
                    "type": "network-hdd"
                  }
                ],
                "mode": "READ_WRITE"
              }
            ],
            "created_at": "2026-01-28T13:42:18Z",
            "description": "",
            "filesystem": [],
            "folder_id": "b1gplv23i27voq7195u5",
            "fqdn": "fhmj9549nbmb0fr36134.auto.internal",
            "gpu_cluster_id": "",
            "hardware_generation": [
              {
                "generation2_features": [],
                "legacy_features": [
                  {
                    "pci_topology": "PCI_TOPOLOGY_V1"
                  }
                ]
              }
            ],
            "hostname": "",
            "id": "fhmj9549nbmb0fr36134",
            "labels": null,
            "local_disk": [],
            "maintenance_grace_period": "",
            "maintenance_policy": null,
            "metadata": {
              "ssh-keys": "ubuntu:ssh-rsa AAAAB3NzaC1yc2EAAAADAQABAAABgQC3qdwobAHrHQ5y5M96lWszhrTLPFuoTcAqQD5zAKELoX62375FpEUsGDRR3DAf8vKWvhjL06Q8tqGqWIVyC9JafecRwQnT3BafPULCN8PBZORV04jAuqkdbmgSZdbn8BxxLjJtVz46LG+PkOCM57bhZo4kWRwmY5ZTPxwY1qwGgdsPjI4KmzgMYRWUlXsKJwqMuEUgSnBOQ+wy8sEVpkViLW/OJNCBrdO9qYJVJkH3/mVHVIJkppCsJsipW402xr9SlBNMCJr/ydceKzWQfNv1gYn+nPHUpXfRawgzR4seV0ZnHaIzHzqgwDp9/2gVHAE0hHMiK/PgP/kOwIr0n6B3wJ2jpmQ21lJc6NJRSyG24i8cUU0nJdCzgBUldqd2sYdq635dDIfKosv0X59T+EYeXTjIJ3LaKfZ1eqIZahrO1nA/Ir/Gr2CfzGWc9sRWrglsRJ9uh+aJC4ZUMxUJptEaKIp6akLYRcV1daSyaqYf7L+ep7aEJDvhy8bILOs9eDU= s17668055@s17668055-02\n"
            },
            "metadata_options": [
              {
                "aws_v1_http_endpoint": 1,
                "aws_v1_http_token": 2,
                "gce_http_endpoint": 1,
                "gce_http_token": 1
              }
            ],
            "name": "vm-2",
            "network_acceleration_type": "standard",
            "network_interface": [
              {
                "dns_record": [],
                "index": 0,
                "ip_address": "192.168.10.28",
                "ipv4": true,
                "ipv6": false,
                "ipv6_address": "",
                "ipv6_dns_record": [],
                "mac_address": "d0:0d:13:49:48:9b",
                "nat": true,
                "nat_dns_record": [],
                "nat_ip_address": "158.160.110.65",
                "nat_ip_version": "IPV4",
                "security_group_ids": null,
                "subnet_id": "e9b9iupb0jdo1c53gudk"
              }
            ],
            "placement_policy": [
              {
                "host_affinity_rules": [],
                "placement_group_id": "",
                "placement_group_partition": 0
              }
            ],
            "platform_id": "standard-v1",
            "resources": [
              {
                "core_fraction": 100,
                "cores": 2,
                "gpus": 0,
                "memory": 2
              }
            ],
            "scheduling_policy": [
              {
                "preemptible": false
              }
            ],
            "secondary_disk": [],
            "service_account_id": "",
            "status": "running",
            "timeouts": null,
            "zone": "ru-central1-a"
          },
          "sensitive_attributes": [],
          "private": "eyJlMmJmYjczMC1lY2FhLTExZTYtOGY4OC0zNDM2M2JjN2M0YzAiOnsiY3JlYXRlIjozMDAwMDAwMDAwMDAsImRlbGV0ZSI6MzAwMDAwMDAwMDAwLCJ1cGRhdGUiOjMwMDAwMDAwMDAwMH0sInNjaGVtYV92ZXJzaW9uIjoiMSJ9",
          "dependencies": [
            "yandex_compute_disk.boot-disk",
            "yandex_vpc_network.network-1",
            "yandex_vpc_subnet.subnet-1"
          ]
        },
        {
          "index_key": "vm-3",
          "schema_version": 1,
          "attributes": {
            "allow_recreate": null,
            "allow_stopping_for_update": null,
            "boot_disk": [
              {
                "auto_delete": true,
                "device_name": "fhm5ufl2opkrc45u0tgq",
                "disk_id": "fhm5ufl2opkrc45u0tgq",
                "initialize_params": [
                  {
                    "block_size": 4096,
                    "description": "",
                    "image_id": "fd85bll745cg76f707mq",
                    "kms_key_id": "",
                    "name": "ubuntu-24-disk-3",
                    "size": 20,
                    "snapshot_id": "",
                    "type": "network-hdd"
                  }
                ],
                "mode": "READ_WRITE"
              }
            ],
            "created_at": "2026-01-28T13:42:19Z",
            "description": "",
            "filesystem": [],
            "folder_id": "b1gplv23i27voq7195u5",
            "fqdn": "fhmu43sur0pis1bqev1d.auto.internal",
            "gpu_cluster_id": "",
            "hardware_generation": [
              {
                "generation2_features": [],
                "legacy_features": [
                  {
                    "pci_topology": "PCI_TOPOLOGY_V1"
                  }
                ]
              }
            ],
            "hostname": "",
            "id": "fhmu43sur0pis1bqev1d",
            "labels": null,
            "local_disk": [],
            "maintenance_grace_period": "",
            "maintenance_policy": null,
            "metadata": {
              "ssh-keys": "ubuntu:ssh-rsa AAAAB3NzaC1yc2EAAAADAQABAAABgQC3qdwobAHrHQ5y5M96lWszhrTLPFuoTcAqQD5zAKELoX62375FpEUsGDRR3DAf8vKWvhjL06Q8tqGqWIVyC9JafecRwQnT3BafPULCN8PBZORV04jAuqkdbmgSZdbn8BxxLjJtVz46LG+PkOCM57bhZo4kWRwmY5ZTPxwY1qwGgdsPjI4KmzgMYRWUlXsKJwqMuEUgSnBOQ+wy8sEVpkViLW/OJNCBrdO9qYJVJkH3/mVHVIJkppCsJsipW402xr9SlBNMCJr/ydceKzWQfNv1gYn+nPHUpXfRawgzR4seV0ZnHaIzHzqgwDp9/2gVHAE0hHMiK/PgP/kOwIr0n6B3wJ2jpmQ21lJc6NJRSyG24i8cUU0nJdCzgBUldqd2sYdq635dDIfKosv0X59T+EYeXTjIJ3LaKfZ1eqIZahrO1nA/Ir/Gr2CfzGWc9sRWrglsRJ9uh+aJC4ZUMxUJptEaKIp6akLYRcV1daSyaqYf7L+ep7aEJDvhy8bILOs9eDU= s17668055@s17668055-02\n"
            },
            "metadata_options": [
              {
                "aws_v1_http_endpoint": 1,
                "aws_v1_http_token": 2,
                "gce_http_endpoint": 1,
                "gce_http_token": 1
              }
            ],
            "name": "vm-3",
            "network_acceleration_type": "standard",
            "network_interface": [
              {
                "dns_record": [],
                "index": 0,
                "ip_address": "192.168.10.7",
                "ipv4": true,
                "ipv6": false,
                "ipv6_address": "",
                "ipv6_dns_record": [],
                "mac_address": "d0:0d:1e:20:f9:ed",
                "nat": true,
                "nat_dns_record": [],
                "nat_ip_address": "89.169.158.127",
                "nat_ip_version": "IPV4",
                "security_group_ids": null,
                "subnet_id": "e9b9iupb0jdo1c53gudk"
              }
            ],
            "placement_policy": [
              {
                "host_affinity_rules": [],
                "placement_group_id": "",
                "placement_group_partition": 0
              }
            ],
            "platform_id": "standard-v1",
            "resources": [
              {
                "core_fraction": 100,
                "cores": 2,
                "gpus": 0,
                "memory": 2
              }
            ],
            "scheduling_policy": [
              {
                "preemptible": false
              }
            ],
            "secondary_disk": [],
            "service_account_id": "",
            "status": "running",
            "timeouts": null,
            "zone": "ru-central1-a"
          },
          "sensitive_attributes": [],
          "private": "eyJlMmJmYjczMC1lY2FhLTExZTYtOGY4OC0zNDM2M2JjN2M0YzAiOnsiY3JlYXRlIjozMDAwMDAwMDAwMDAsImRlbGV0ZSI6MzAwMDAwMDAwMDAwLCJ1cGRhdGUiOjMwMDAwMDAwMDAwMH0sInNjaGVtYV92ZXJzaW9uIjoiMSJ9",
          "dependencies": [
            "yandex_compute_disk.boot-disk",
            "yandex_vpc_network.network-1",
            "yandex_vpc_subnet.subnet-1"
          ]
        }
      ]
    },
    {
      "mode": "managed",
      "type": "yandex_vpc_network",
      "name": "network-1",
      "provider": "provider[\"registry.terraform.io/yandex-cloud/yandex\"]",
      "instances": [
        {
          "schema_version": 0,
          "attributes": {
            "created_at": "2026-01-28T13:42:06Z",
            "default_security_group_id": "enp0g1qpcbbc03l7hiof",
            "description": "",
            "folder_id": "b1gplv23i27voq7195u5",
            "id": "enpvipfhhmthrp05ta2l",
            "labels": {},
            "name": "network1",
            "subnet_ids": [],
            "timeouts": null
          },
          "sensitive_attributes": [],
          "private": "eyJlMmJmYjczMC1lY2FhLTExZTYtOGY4OC0zNDM2M2JjN2M0YzAiOnsiY3JlYXRlIjo2MDAwMDAwMDAwMCwiZGVsZXRlIjo2MDAwMDAwMDAwMCwidXBkYXRlIjo2MDAwMDAwMDAwMH19"
        }
      ]
    },
    {
      "mode": "managed",
      "type": "yandex_vpc_subnet",
      "name": "subnet-1",
      "provider": "provider[\"registry.terraform.io/yandex-cloud/yandex\"]",
      "instances": [
        {
          "schema_version": 0,
          "attributes": {
            "created_at": "2026-01-28T13:42:08Z",
            "description": "",
            "dhcp_options": [],
            "folder_id": "b1gplv23i27voq7195u5",
            "id": "e9b9iupb0jdo1c53gudk",
            "labels": {},
            "name": "subnet1",
            "network_id": "enpvipfhhmthrp05ta2l",
            "route_table_id": "",
            "timeouts": null,
            "v4_cidr_blocks": [
              "192.168.10.0/24"
            ],
            "v6_cidr_blocks": [],
            "zone": "ru-central1-a"
          },
          "sensitive_attributes": [],
          "private": "eyJlMmJmYjczMC1lY2FhLTExZTYtOGY4OC0zNDM2M2JjN2M0YzAiOnsiY3JlYXRlIjoxODAwMDAwMDAwMDAsImRlbGV0ZSI6MTgwMDAwMDAwMDAwLCJ1cGRhdGUiOjE4MDAwMDAwMDAwMH19",
          "dependencies": [
            "yandex_vpc_network.network-1"
          ]
        }
      ]
    }
  ],
  "check_results": null
}
